// !$*UTF8*$!
{
	archiveVersion = 1;
	classes = {
	};
	objectVersion = 46;
	objects = {

/* Begin PBXBuildFile section */
		97DBF8601A9F9C010004487C /* AppDelegate.swift in Sources */ = {isa = PBXBuildFile; fileRef = 97DBF85F1A9F9C010004487C /* AppDelegate.swift */; };
		97DBF8641A9F9C010004487C /* GameScene.swift in Sources */ = {isa = PBXBuildFile; fileRef = 97DBF8631A9F9C010004487C /* GameScene.swift */; };
		97DBF8661A9F9C010004487C /* GameViewController.swift in Sources */ = {isa = PBXBuildFile; fileRef = 97DBF8651A9F9C010004487C /* GameViewController.swift */; };
		97DBF8691A9F9C010004487C /* Main.storyboard in Resources */ = {isa = PBXBuildFile; fileRef = 97DBF8671A9F9C010004487C /* Main.storyboard */; };
		97DBF86B1A9F9C010004487C /* Images.xcassets in Resources */ = {isa = PBXBuildFile; fileRef = 97DBF86A1A9F9C010004487C /* Images.xcassets */; };
		97DBF86E1A9F9C010004487C /* LaunchScreen.xib in Resources */ = {isa = PBXBuildFile; fileRef = 97DBF86C1A9F9C010004487C /* LaunchScreen.xib */; };
		97DBF8861A9F9E230004487C /* ball.png in Resources */ = {isa = PBXBuildFile; fileRef = 97DBF8841A9F9E230004487C /* ball.png */; };
		97DBF8871A9F9E230004487C /* bottle.png in Resources */ = {isa = PBXBuildFile; fileRef = 97DBF8851A9F9E230004487C /* bottle.png */; };
/* End PBXBuildFile section */

/* Begin PBXContainerItemProxy section */
		97DBF8741A9F9C010004487C /* PBXContainerItemProxy */ = {
			isa = PBXContainerItemProxy;
			containerPortal = 97DBF8521A9F9C010004487C /* Project object */;
			proxyType = 1;
			remoteGlobalIDString = 97DBF8591A9F9C010004487C;
			remoteInfo = "Physics Bottle";
		};
/* End PBXContainerItemProxy section */

/* Begin PBXFileReference section */
		97DBF85A1A9F9C010004487C /* Physics Bottle.app */ = {isa = PBXFileReference; explicitFileType = wrapper.application; includeInIndex = 0; path = "Physics Bottle.app"; sourceTree = BUILT_PRODUCTS_DIR; };
		97DBF85E1A9F9C010004487C /* Info.plist */ = {isa = PBXFileReference; lastKnownFileType = text.plist.xml; path = Info.plist; sourceTree = "<group>"; };
		97DBF85F1A9F9C010004487C /* AppDelegate.swift */ = {isa = PBXFileReference; lastKnownFileType = sourcecode.swift; path = AppDelegate.swift; sourceTree = "<group>"; };
		97DBF8631A9F9C010004487C /* GameScene.swift */ = {isa = PBXFileReference; lastKnownFileType = sourcecode.swift; path = GameScene.swift; sourceTree = "<group>"; };
		97DBF8651A9F9C010004487C /* GameViewController.swift */ = {isa = PBXFileReference; lastKnownFileType = sourcecode.swift; path = GameViewController.swift; sourceTree = "<group>"; };
		97DBF8681A9F9C010004487C /* Base */ = {isa = PBXFileReference; lastKnownFileType = file.storyboard; name = Base; path = Base.lproj/Main.storyboard; sourceTree = "<group>"; };
		97DBF86A1A9F9C010004487C /* Images.xcassets */ = {isa = PBXFileReference; lastKnownFileType = folder.assetcatalog; path = Images.xcassets; sourceTree = "<group>"; };
		97DBF86D1A9F9C010004487C /* Base */ = {isa = PBXFileReference; lastKnownFileType = file.xib; name = Base; path = Base.lproj/LaunchScreen.xib; sourceTree = "<group>"; };
		97DBF8841A9F9E230004487C /* ball.png */ = {isa = PBXFileReference; lastKnownFileType = image.png; path = ball.png; sourceTree = "<group>"; };
		97DBF8851A9F9E230004487C /* bottle.png */ = {isa = PBXFileReference; lastKnownFileType = image.png; path = bottle.png; sourceTree = "<group>"; };
/* End PBXFileReference section */

/* Begin PBXFrameworksBuildPhase section */
		97DBF8571A9F9C010004487C /* Frameworks */ = {
			isa = PBXFrameworksBuildPhase;
			buildActionMask = 2147483647;
			files = (
			);
			runOnlyForDeploymentPostprocessing = 0;
		};
		97DBF8701A9F9C010004487C /* Frameworks */ = {
			isa = PBXFrameworksBuildPhase;
			buildActionMask = 2147483647;
			files = (
			);
			runOnlyForDeploymentPostprocessing = 0;
		};
/* End PBXFrameworksBuildPhase section */

/* Begin PBXGroup section */
		97DBF8511A9F9C010004487C = {
			isa = PBXGroup;
			children = (
				97DBF85C1A9F9C010004487C /* Physics Bottle */,
				97DBF85B1A9F9C010004487C /* Products */,
			);
			sourceTree = "<group>";
		};
		97DBF85B1A9F9C010004487C /* Products */ = {
			isa = PBXGroup;
			children = (
				97DBF85A1A9F9C010004487C /* Physics Bottle.app */,
			);
			name = Products;
			sourceTree = "<group>";
		};
		97DBF85C1A9F9C010004487C /* Physics Bottle */ = {
			isa = PBXGroup;
			children = (
				97DBF8831A9F9E230004487C /* images */,
				97DBF85F1A9F9C010004487C /* AppDelegate.swift */,
				97DBF8631A9F9C010004487C /* GameScene.swift */,
				97DBF8651A9F9C010004487C /* GameViewController.swift */,
				97DBF8671A9F9C010004487C /* Main.storyboard */,
				97DBF86A1A9F9C010004487C /* Images.xcassets */,
				97DBF86C1A9F9C010004487C /* LaunchScreen.xib */,
				97DBF85D1A9F9C010004487C /* Supporting Files */,
			);
			path = "Physics Bottle";
			sourceTree = "<group>";
		};
		97DBF85D1A9F9C010004487C /* Supporting Files */ = {
			isa = PBXGroup;
			children = (
				97DBF85E1A9F9C010004487C /* Info.plist */,
			);
			name = "Supporting Files";
			sourceTree = "<group>";
		};
		97DBF8831A9F9E230004487C /* images */ = {
			isa = PBXGroup;
			children = (
				97DBF8841A9F9E230004487C /* ball.png */,
				97DBF8851A9F9E230004487C /* bottle.png */,
			);
			path = images;
			sourceTree = "<group>";
		};
/* End PBXGroup section */

/* Begin PBXNativeTarget section */
		97DBF8591A9F9C010004487C /* Physics Bottle */ = {
			isa = PBXNativeTarget;
			buildConfigurationList = 97DBF87D1A9F9C010004487C /* Build configuration list for PBXNativeTarget "Physics Bottle" */;
			buildPhases = (
				97DBF8561A9F9C010004487C /* Sources */,
				97DBF8571A9F9C010004487C /* Frameworks */,
				97DBF8581A9F9C010004487C /* Resources */,
			);
			buildRules = (
			);
			dependencies = (
			);
			name = "Physics Bottle";
			productName = "Physics Bottle";
			productReference = 97DBF85A1A9F9C010004487C /* Physics Bottle.app */;
			productType = "com.apple.product-type.application";
		};
/* End PBXNativeTarget section */

/* Begin PBXProject section */
		97DBF8521A9F9C010004487C /* Project object */ = {
			isa = PBXProject;
			attributes = {
				LastUpgradeCheck = 0610;
				ORGANIZATIONNAME = UNIRIO;
				TargetAttributes = {
					97DBF8591A9F9C010004487C = {
						CreatedOnToolsVersion = 6.1.1;
					};
					97DBF8721A9F9C010004487C = {
						CreatedOnToolsVersion = 6.1.1;
					};
				};
			};
			buildConfigurationList = 97DBF8551A9F9C010004487C /* Build configuration list for PBXProject "Physics Bottle" */;
			compatibilityVersion = "Xcode 3.2";
			developmentRegion = English;
			hasScannedForEncodings = 0;
			knownRegions = (
				en,
				Base,
			);
			mainGroup = 97DBF8511A9F9C010004487C;
			productRefGroup = 97DBF85B1A9F9C010004487C /* Products */;
			projectDirPath = "";
			projectRoot = "";
			targets = (
				97DBF8591A9F9C010004487C /* Physics Bottle */,
			);
		};
/* End PBXProject section */

/* Begin PBXResourcesBuildPhase section */
		97DBF8581A9F9C010004487C /* Resources */ = {
			isa = PBXResourcesBuildPhase;
			buildActionMask = 2147483647;
			files = (
				97DBF86E1A9F9C010004487C /* LaunchScreen.xib in Resources */,
				97DBF8861A9F9E230004487C /* ball.png in Resources */,
				97DBF86B1A9F9C010004487C /* Images.xcassets in Resources */,
				97DBF8871A9F9E230004487C /* bottle.png in Resources */,
				97DBF8691A9F9C010004487C /* Main.storyboard in Resources */,
			);
			runOnlyForDeploymentPostprocessing = 0;
		};
		97DBF8711A9F9C010004487C /* Resources */ = {
			isa = PBXResourcesBuildPhase;
			buildActionMask = 2147483647;
			files = (
			);
			runOnlyForDeploymentPostprocessing = 0;
		};
/* End PBXResourcesBuildPhase section */

/* Begin PBXSourcesBuildPhase section */
		97DBF8561A9F9C010004487C /* Sources */ = {
			isa = PBXSourcesBuildPhase;
			buildActionMask = 2147483647;
			files = (
				97DBF8641A9F9C010004487C /* GameScene.swift in Sources */,
				97DBF8661A9F9C010004487C /* GameViewController.swift in Sources */,
				97DBF8601A9F9C010004487C /* AppDelegate.swift in Sources */,
			);
			runOnlyForDeploymentPostprocessing = 0;
		};
		97DBF86F1A9F9C010004487C /* Sources */ = {
			isa = PBXSourcesBuildPhase;
			buildActionMask = 2147483647;
			files = (
			);
			runOnlyForDeploymentPostprocessing = 0;
		};
/* End PBXSourcesBuildPhase section */

/* Begin PBXTargetDependency section */
		97DBF8751A9F9C010004487C /* PBXTargetDependency */ = {
			isa = PBXTargetDependency;
			target = 97DBF8591A9F9C010004487C /* Physics Bottle */;
			targetProxy = 97DBF8741A9F9C010004487C /* PBXContainerItemProxy */;
		};
/* End PBXTargetDependency section */

/* Begin PBXVariantGroup section */
		97DBF8671A9F9C010004487C /* Main.storyboard */ = {
			isa = PBXVariantGroup;
			children = (
				97DBF8681A9F9C010004487C /* Base */,
			);
			name = Main.storyboard;
			sourceTree = "<group>";
		};
		97DBF86C1A9F9C010004487C /* LaunchScreen.xib */ = {
			isa = PBXVariantGroup;
			children = (
				97DBF86D1A9F9C010004487C /* Base */,
			);
			name = LaunchScreen.xib;
			sourceTree = "<group>";
		};
/* End PBXVariantGroup section */

/* Begin XCBuildConfiguration section */
		97DBF87B1A9F9C010004487C /* Debug */ = {
			isa = XCBuildConfiguration;
			buildSettings = {
				ALWAYS_SEARCH_USER_PATHS = NO;
				CLANG_CXX_LANGUAGE_STANDARD = "gnu++0x";
				CLANG_CXX_LIBRARY = "libc++";
				CLANG_ENABLE_MODULES = YES;
				CLANG_ENABLE_OBJC_ARC = YES;
				CLANG_WARN_BOOL_CONVERSION = YES;
				CLANG_WARN_CONSTANT_CONVERSION = YES;
				CLANG_WARN_DIRECT_OBJC_ISA_USAGE = YES_ERROR;
				CLANG_WARN_EMPTY_BODY = YES;
				CLANG_WARN_ENUM_CONVERSION = YES;
				CLANG_WARN_INT_CONVERSION = YES;
				CLANG_WARN_OBJC_ROOT_CLASS = YES_ERROR;
				CLANG_WARN_UNREACHABLE_CODE = YES;
				CLANG_WARN__DUPLICATE_METHOD_MATCH = YES;
				"CODE_SIGN_IDENTITY[sdk=iphoneos*]" = "iPhone Developer";
				COPY_PHASE_STRIP = NO;
				ENABLE_STRICT_OBJC_MSGSEND = YES;
				GCC_C_LANGUAGE_STANDARD = gnu99;
				GCC_DYNAMIC_NO_PIC = NO;
				GCC_OPTIMIZATION_LEVEL = 0;
				GCC_PREPROCESSOR_DEFINITIONS = (
					"DEBUG=1",
					"$(inherited)",
				);
				GCC_SYMBOLS_PRIVATE_EXTERN = NO;
				GCC_WARN_64_TO_32_BIT_CONVERSION = YES;
				GCC_WARN_ABOUT_RETURN_TYPE = YES_ERROR;
				GCC_WARN_UNDECLARED_SELECTOR = YES;
				GCC_WARN_UNINITIALIZED_AUTOS = YES_AGGRESSIVE;
				GCC_WARN_UNUSED_FUNCTION = YES;
				GCC_WARN_UNUSED_VARIABLE = YES;
				IPHONEOS_DEPLOYMENT_TARGET = 8.1;
				MTL_ENABLE_DEBUG_INFO = YES;
				ONLY_ACTIVE_ARCH = YES;
				SDKROOT = iphoneos;
				SWIFT_OPTIMIZATION_LEVEL = "-Onone";
			};
			name = Debug;
		};
		97DBF87C1A9F9C010004487C /* Release */ = {
			isa = XCBuildConfiguration;
			buildSettings = {
				ALWAYS_SEARCH_USER_PATHS = NO;
				CLANG_CXX_LANGUAGE_STANDARD = "gnu++0x";
				CLANG_CXX_LIBRARY = "libc++";
				CLANG_ENABLE_MODULES = YES;
				CLANG_ENABLE_OBJC_ARC = YES;
				CLANG_WARN_BOOL_CONVERSION = YES;
				CLANG_WARN_CONSTANT_CONVERSION = YES;
				CLANG_WARN_DIRECT_OBJC_ISA_USAGE = YES_ERROR;
				CLANG_WARN_EMPTY_BODY = YES;
				CLANG_WARN_ENUM_CONVERSION = YES;
				CLANG_WARN_INT_CONVERSION = YES;
				CLANG_WARN_OBJC_ROOT_CLASS = YES_ERROR;
				CLANG_WARN_UNREACHABLE_CODE = YES;
				CLANG_WARN__DUPLICATE_METHOD_MATCH = YES;
				"CODE_SIGN_IDENTITY[sdk=iphoneos*]" = "iPhone Developer";
				COPY_PHASE_STRIP = YES;
				ENABLE_NS_ASSERTIONS = NO;
				ENABLE_STRICT_OBJC_MSGSEND = YES;
				GCC_C_LANGUAGE_STANDARD = gnu99;
				GCC_WARN_64_TO_32_BIT_CONVERSION = YES;
				GCC_WARN_ABOUT_RETURN_TYPE = YES_ERROR;
				GCC_WARN_UNDECLARED_SELECTOR = YES;
				GCC_WARN_UNINITIALIZED_AUTOS = YES_AGGRESSIVE;
				GCC_WARN_UNUSED_FUNCTION = YES;
				GCC_WARN_UNUSED_VARIABLE = YES;
				IPHONEOS_DEPLOYMENT_TARGET = 8.1;
				MTL_ENABLE_DEBUG_INFO = NO;
				SDKROOT = iphoneos;
				VALIDATE_PRODUCT = YES;
			};
			name = Release;
		};
		97DBF87E1A9F9C010004487C /* Debug */ = {
			isa = XCBuildConfiguration;
			buildSettings = {
				ASSETCATALOG_COMPILER_APPICON_NAME = AppIcon;
				INFOPLIST_FILE = "Physics Bottle/Info.plist";
				LD_RUNPATH_SEARCH_PATHS = "$(inherited) @executable_path/Frameworks";
				PRODUCT_NAME = "$(TARGET_NAME)";
			};
			name = Debug;
		};
		97DBF87F1A9F9C010004487C /* Release */ = {
			isa = XCBuildConfiguration;
			buildSettings = {
				ASSETCATALOG_COMPILER_APPICON_NAME = AppIcon;
				INFOPLIST_FILE = "Physics Bottle/Info.plist";
				LD_RUNPATH_SEARCH_PATHS = "$(inherited) @executable_path/Frameworks";
				PRODUCT_NAME = "$(TARGET_NAME)";
			};
			name = Release;
		};
/* End XCBuildConfiguration section */

/* Begin XCConfigurationList section */
		97DBF8551A9F9C010004487C /* Build configuration list for PBXProject "Physics Bottle" */ = {
			isa = XCConfigurationList;
			buildConfigurations = (
				97DBF87B1A9F9C010004487C /* Debug */,
				97DBF87C1A9F9C010004487C /* Release */,
			);
			defaultConfigurationIsVisible = 0;
			defaultConfigurationName = Release;
		};
		97DBF87D1A9F9C010004487C /* Build configuration list for PBXNativeTarget "Physics Bottle" */ = {
			isa = XCConfigurationList;
			buildConfigurations = (
				97DBF87E1A9F9C010004487C /* Debug */,
				97DBF87F1A9F9C010004487C /* Release */,
			);
			defaultConfigurationIsVisible = 0;
			defaultConfigurationName = Release;
		};
/* End XCConfigurationList section */
	};
	rootObject = 97DBF8521A9F9C010004487C /* Project object */;
}
